
Microsoft Visual Studio Solution File, Format Version 12.00
# Visual Studio Version 16
VisualStudioVersion = 16.0.29709.97
MinimumVisualStudioVersion = 10.0.40219.1
Project("{FAE04EC0-301F-11D3-BF4B-00C04F79EFBC}") = "PR4-2", "PR4-2.csproj", "{C7CF9996-E166-40B5-86E4-89A5CBBA69FD}"
EndProject
Global
	GlobalSection(SolutionConfigurationPlatforms) = preSolution
		Debug|Any CPU = Debug|Any CPU
		Release|Any CPU = Release|Any CPU
	EndGlobalSection
	GlobalSection(ProjectConfigurationPlatforms) = postSolution
		{C7CF9996-E166-40B5-86E4-89A5CBBA69FD}.Debug|Any CPU.ActiveCfg = Debug|Any CPU
		{C7CF9996-E166-40B5-86E4-89A5CBBA69FD}.Debug|Any CPU.Build.0 = Debug|Any CPU
		{C7CF9996-E166-40B5-86E4-89A5CBBA69FD}.Release|Any CPU.ActiveCfg = Release|Any CPU
		{C7CF9996-E166-40B5-86E4-89A5CBBA69FD}.Release|Any CPU.Build.0 = Release|Any CPU
	EndGlobalSection
	GlobalSection(SolutionProperties) = preSolution
		HideSolutionNode = FALSE
	EndGlobalSection
	GlobalSection(ExtensibilityGlobals) = postSolution
		SolutionGuid = {85BBFB15-70E4-40DD-84CD-0AEFC3FF68F6}
	EndGlobalSection
EndGlobal
