
Microsoft Visual Studio Solution File, Format Version 12.00
# Visual Studio Version 16
VisualStudioVersion = 16.0.29709.97
MinimumVisualStudioVersion = 10.0.40219.1
Project("{FAE04EC0-301F-11D3-BF4B-00C04F79EFBC}") = "1", "1.csproj", "{C2BC6B20-5BB9-4A31-B1E2-121B1F2612F4}"
EndProject
Global
	GlobalSection(SolutionConfigurationPlatforms) = preSolution
		Debug|Any CPU = Debug|Any CPU
		Release|Any CPU = Release|Any CPU
	EndGlobalSection
	GlobalSection(ProjectConfigurationPlatforms) = postSolution
		{C2BC6B20-5BB9-4A31-B1E2-121B1F2612F4}.Debug|Any CPU.ActiveCfg = Debug|Any CPU
		{C2BC6B20-5BB9-4A31-B1E2-121B1F2612F4}.Debug|Any CPU.Build.0 = Debug|Any CPU
		{C2BC6B20-5BB9-4A31-B1E2-121B1F2612F4}.Release|Any CPU.ActiveCfg = Release|Any CPU
		{C2BC6B20-5BB9-4A31-B1E2-121B1F2612F4}.Release|Any CPU.Build.0 = Release|Any CPU
	EndGlobalSection
	GlobalSection(SolutionProperties) = preSolution
		HideSolutionNode = FALSE
	EndGlobalSection
	GlobalSection(ExtensibilityGlobals) = postSolution
		SolutionGuid = {1A4FC3A6-F13C-4902-8067-3383A121D9D5}
	EndGlobalSection
EndGlobal
