
Microsoft Visual Studio Solution File, Format Version 12.00
# Visual Studio Version 16
VisualStudioVersion = 16.0.29709.97
MinimumVisualStudioVersion = 10.0.40219.1
Project("{FAE04EC0-301F-11D3-BF4B-00C04F79EFBC}") = "2", "2.csproj", "{86BE4786-A987-4F3C-BCE7-5A18B056ACC3}"
EndProject
Global
	GlobalSection(SolutionConfigurationPlatforms) = preSolution
		Debug|Any CPU = Debug|Any CPU
		Release|Any CPU = Release|Any CPU
	EndGlobalSection
	GlobalSection(ProjectConfigurationPlatforms) = postSolution
		{86BE4786-A987-4F3C-BCE7-5A18B056ACC3}.Debug|Any CPU.ActiveCfg = Debug|Any CPU
		{86BE4786-A987-4F3C-BCE7-5A18B056ACC3}.Debug|Any CPU.Build.0 = Debug|Any CPU
		{86BE4786-A987-4F3C-BCE7-5A18B056ACC3}.Release|Any CPU.ActiveCfg = Release|Any CPU
		{86BE4786-A987-4F3C-BCE7-5A18B056ACC3}.Release|Any CPU.Build.0 = Release|Any CPU
	EndGlobalSection
	GlobalSection(SolutionProperties) = preSolution
		HideSolutionNode = FALSE
	EndGlobalSection
	GlobalSection(ExtensibilityGlobals) = postSolution
		SolutionGuid = {A2B73015-7D81-4309-AFFF-C617D2FA5041}
	EndGlobalSection
EndGlobal
