
Microsoft Visual Studio Solution File, Format Version 12.00
# Visual Studio Version 16
VisualStudioVersion = 16.0.29709.97
MinimumVisualStudioVersion = 10.0.40219.1
Project("{FAE04EC0-301F-11D3-BF4B-00C04F79EFBC}") = "PR4-4", "PR4-4.csproj", "{B49AF9A0-DFF2-404E-A869-8D8F53BEE868}"
EndProject
Global
	GlobalSection(SolutionConfigurationPlatforms) = preSolution
		Debug|Any CPU = Debug|Any CPU
		Release|Any CPU = Release|Any CPU
	EndGlobalSection
	GlobalSection(ProjectConfigurationPlatforms) = postSolution
		{B49AF9A0-DFF2-404E-A869-8D8F53BEE868}.Debug|Any CPU.ActiveCfg = Debug|Any CPU
		{B49AF9A0-DFF2-404E-A869-8D8F53BEE868}.Debug|Any CPU.Build.0 = Debug|Any CPU
		{B49AF9A0-DFF2-404E-A869-8D8F53BEE868}.Release|Any CPU.ActiveCfg = Release|Any CPU
		{B49AF9A0-DFF2-404E-A869-8D8F53BEE868}.Release|Any CPU.Build.0 = Release|Any CPU
	EndGlobalSection
	GlobalSection(SolutionProperties) = preSolution
		HideSolutionNode = FALSE
	EndGlobalSection
	GlobalSection(ExtensibilityGlobals) = postSolution
		SolutionGuid = {626E1482-3E4F-4A0B-8A6B-97EA259D39B9}
	EndGlobalSection
EndGlobal
